
Microsoft Visual Studio Solution File, Format Version 12.00
# Visual Studio 15
VisualStudioVersion = 15.0.27130.2027
MinimumVisualStudioVersion = 10.0.40219.1
Project("{FAE04EC0-301F-11D3-BF4B-00C04F79EFBC}") = "queryTesting", "queryTesting\queryTesting.csproj", "{E7EC987C-6FF1-43C4-98CE-1442F98B6EDD}"
EndProject
Global
	GlobalSection(SolutionConfigurationPlatforms) = preSolution
		Debug|Any CPU = Debug|Any CPU
		Release|Any CPU = Release|Any CPU
	EndGlobalSection
	GlobalSection(ProjectConfigurationPlatforms) = postSolution
		{E7EC987C-6FF1-43C4-98CE-1442F98B6EDD}.Debug|Any CPU.ActiveCfg = Debug|Any CPU
		{E7EC987C-6FF1-43C4-98CE-1442F98B6EDD}.Debug|Any CPU.Build.0 = Debug|Any CPU
		{E7EC987C-6FF1-43C4-98CE-1442F98B6EDD}.Release|Any CPU.ActiveCfg = Release|Any CPU
		{E7EC987C-6FF1-43C4-98CE-1442F98B6EDD}.Release|Any CPU.Build.0 = Release|Any CPU
	EndGlobalSection
	GlobalSection(SolutionProperties) = preSolution
		HideSolutionNode = FALSE
	EndGlobalSection
	GlobalSection(ExtensibilityGlobals) = postSolution
		SolutionGuid = {EF3A9C49-C385-4489-B4F0-4631B08F91DB}
	EndGlobalSection
EndGlobal
