
Microsoft Visual Studio Solution File, Format Version 12.00
# Visual Studio 15
VisualStudioVersion = 15.0.27130.2027
MinimumVisualStudioVersion = 10.0.40219.1
Project("{FAE04EC0-301F-11D3-BF4B-00C04F79EFBC}") = "InClassChallenge3", "InClassChallenge3\InClassChallenge3.csproj", "{054069E2-5E80-4C98-AA97-7391B9EC2567}"
EndProject
Global
	GlobalSection(SolutionConfigurationPlatforms) = preSolution
		Debug|Any CPU = Debug|Any CPU
		Release|Any CPU = Release|Any CPU
	EndGlobalSection
	GlobalSection(ProjectConfigurationPlatforms) = postSolution
		{054069E2-5E80-4C98-AA97-7391B9EC2567}.Debug|Any CPU.ActiveCfg = Debug|Any CPU
		{054069E2-5E80-4C98-AA97-7391B9EC2567}.Debug|Any CPU.Build.0 = Debug|Any CPU
		{054069E2-5E80-4C98-AA97-7391B9EC2567}.Release|Any CPU.ActiveCfg = Release|Any CPU
		{054069E2-5E80-4C98-AA97-7391B9EC2567}.Release|Any CPU.Build.0 = Release|Any CPU
	EndGlobalSection
	GlobalSection(SolutionProperties) = preSolution
		HideSolutionNode = FALSE
	EndGlobalSection
	GlobalSection(ExtensibilityGlobals) = postSolution
		SolutionGuid = {DB6D8551-1FE3-425A-9E3F-364C9C811E90}
	EndGlobalSection
EndGlobal
